// !$*UTF8*$!
{
	archiveVersion = 1;
	classes = {
	};
	objectVersion = 46;
	objects = {

/* Begin PBXBuildFile section */
		EB650001185C27FE00FDDFFA /* PlayingCardDeck.m in Sources */ = {isa = PBXBuildFile; fileRef = EB650000185C27FE00FDDFFA /* PlayingCardDeck.m */; };
		EB65FFBC185C111600FDDFFA /* Foundation.framework in Frameworks */ = {isa = PBXBuildFile; fileRef = EB65FFBB185C111600FDDFFA /* Foundation.framework */; };
		EB65FFBE185C111600FDDFFA /* CoreGraphics.framework in Frameworks */ = {isa = PBXBuildFile; fileRef = EB65FFBD185C111600FDDFFA /* CoreGraphics.framework */; };
		EB65FFC0185C111700FDDFFA /* UIKit.framework in Frameworks */ = {isa = PBXBuildFile; fileRef = EB65FFBF185C111600FDDFFA /* UIKit.framework */; };
		EB65FFC6185C111700FDDFFA /* InfoPlist.strings in Resources */ = {isa = PBXBuildFile; fileRef = EB65FFC4185C111700FDDFFA /* InfoPlist.strings */; };
		EB65FFC8185C111700FDDFFA /* main.m in Sources */ = {isa = PBXBuildFile; fileRef = EB65FFC7185C111700FDDFFA /* main.m */; };
		EB65FFCC185C111700FDDFFA /* CardGameAppDelegate.m in Sources */ = {isa = PBXBuildFile; fileRef = EB65FFCB185C111700FDDFFA /* CardGameAppDelegate.m */; };
		EB65FFCF185C111700FDDFFA /* Main.storyboard in Resources */ = {isa = PBXBuildFile; fileRef = EB65FFCD185C111700FDDFFA /* Main.storyboard */; };
		EB65FFD2185C111700FDDFFA /* CardGameViewController.m in Sources */ = {isa = PBXBuildFile; fileRef = EB65FFD1185C111700FDDFFA /* CardGameViewController.m */; };
		EB65FFD4185C111700FDDFFA /* Images.xcassets in Resources */ = {isa = PBXBuildFile; fileRef = EB65FFD3185C111700FDDFFA /* Images.xcassets */; };
		EB65FFDB185C111700FDDFFA /* XCTest.framework in Frameworks */ = {isa = PBXBuildFile; fileRef = EB65FFDA185C111700FDDFFA /* XCTest.framework */; };
		EB65FFDC185C111700FDDFFA /* Foundation.framework in Frameworks */ = {isa = PBXBuildFile; fileRef = EB65FFBB185C111600FDDFFA /* Foundation.framework */; };
		EB65FFDD185C111700FDDFFA /* UIKit.framework in Frameworks */ = {isa = PBXBuildFile; fileRef = EB65FFBF185C111600FDDFFA /* UIKit.framework */; };
		EB65FFE5185C111700FDDFFA /* InfoPlist.strings in Resources */ = {isa = PBXBuildFile; fileRef = EB65FFE3185C111700FDDFFA /* InfoPlist.strings */; };
		EB65FFE7185C111700FDDFFA /* MatchingGameTests.m in Sources */ = {isa = PBXBuildFile; fileRef = EB65FFE6185C111700FDDFFA /* MatchingGameTests.m */; };
		EB65FFF2185C262B00FDDFFA /* Card.m in Sources */ = {isa = PBXBuildFile; fileRef = EB65FFF1185C262B00FDDFFA /* Card.m */; };
		EB65FFF8185C274100FDDFFA /* Deck.m in Sources */ = {isa = PBXBuildFile; fileRef = EB65FFF7185C274100FDDFFA /* Deck.m */; };
		EB65FFFB185C275500FDDFFA /* PlayingCard.m in Sources */ = {isa = PBXBuildFile; fileRef = EB65FFFA185C275500FDDFFA /* PlayingCard.m */; };
/* End PBXBuildFile section */

/* Begin PBXContainerItemProxy section */
		EB65FFDE185C111700FDDFFA /* PBXContainerItemProxy */ = {
			isa = PBXContainerItemProxy;
			containerPortal = EB65FFB0185C111600FDDFFA /* Project object */;
			proxyType = 1;
			remoteGlobalIDString = EB65FFB7185C111600FDDFFA;
			remoteInfo = MatchingGame;
		};
/* End PBXContainerItemProxy section */

/* Begin PBXFileReference section */
		EB650000185C27FE00FDDFFA /* PlayingCardDeck.m */ = {isa = PBXFileReference; fileEncoding = 4; lastKnownFileType = sourcecode.c.objc; path = PlayingCardDeck.m; sourceTree = "<group>"; };
		EB65FFB8185C111600FDDFFA /* MatchingGame.app */ = {isa = PBXFileReference; explicitFileType = wrapper.application; includeInIndex = 0; path = MatchingGame.app; sourceTree = BUILT_PRODUCTS_DIR; };
		EB65FFBB185C111600FDDFFA /* Foundation.framework */ = {isa = PBXFileReference; lastKnownFileType = wrapper.framework; name = Foundation.framework; path = System/Library/Frameworks/Foundation.framework; sourceTree = SDKROOT; };
		EB65FFBD185C111600FDDFFA /* CoreGraphics.framework */ = {isa = PBXFileReference; lastKnownFileType = wrapper.framework; name = CoreGraphics.framework; path = System/Library/Frameworks/CoreGraphics.framework; sourceTree = SDKROOT; };
		EB65FFBF185C111600FDDFFA /* UIKit.framework */ = {isa = PBXFileReference; lastKnownFileType = wrapper.framework; name = UIKit.framework; path = System/Library/Frameworks/UIKit.framework; sourceTree = SDKROOT; };
		EB65FFC3185C111700FDDFFA /* MatchingGame-Info.plist */ = {isa = PBXFileReference; lastKnownFileType = text.plist.xml; path = "MatchingGame-Info.plist"; sourceTree = "<group>"; };
		EB65FFC5185C111700FDDFFA /* en */ = {isa = PBXFileReference; lastKnownFileType = text.plist.strings; name = en; path = en.lproj/InfoPlist.strings; sourceTree = "<group>"; };
		EB65FFC7185C111700FDDFFA /* main.m */ = {isa = PBXFileReference; lastKnownFileType = sourcecode.c.objc; path = main.m; sourceTree = "<group>"; };
		EB65FFC9185C111700FDDFFA /* MatchingGame-Prefix.pch */ = {isa = PBXFileReference; lastKnownFileType = sourcecode.c.h; path = "MatchingGame-Prefix.pch"; sourceTree = "<group>"; };
		EB65FFCA185C111700FDDFFA /* CardGameAppDelegate.h */ = {isa = PBXFileReference; lastKnownFileType = sourcecode.c.h; path = CardGameAppDelegate.h; sourceTree = "<group>"; };
		EB65FFCB185C111700FDDFFA /* CardGameAppDelegate.m */ = {isa = PBXFileReference; lastKnownFileType = sourcecode.c.objc; path = CardGameAppDelegate.m; sourceTree = "<group>"; };
		EB65FFCE185C111700FDDFFA /* Base */ = {isa = PBXFileReference; lastKnownFileType = file.storyboard; name = Base; path = Base.lproj/Main.storyboard; sourceTree = "<group>"; };
		EB65FFD0185C111700FDDFFA /* CardGameViewController.h */ = {isa = PBXFileReference; lastKnownFileType = sourcecode.c.h; path = CardGameViewController.h; sourceTree = "<group>"; };
		EB65FFD1185C111700FDDFFA /* CardGameViewController.m */ = {isa = PBXFileReference; lastKnownFileType = sourcecode.c.objc; path = CardGameViewController.m; sourceTree = "<group>"; };
		EB65FFD3185C111700FDDFFA /* Images.xcassets */ = {isa = PBXFileReference; lastKnownFileType = folder.assetcatalog; path = Images.xcassets; sourceTree = "<group>"; };
		EB65FFD9185C111700FDDFFA /* MatchingGameTests.xctest */ = {isa = PBXFileReference; explicitFileType = wrapper.cfbundle; includeInIndex = 0; path = MatchingGameTests.xctest; sourceTree = BUILT_PRODUCTS_DIR; };
		EB65FFDA185C111700FDDFFA /* XCTest.framework */ = {isa = PBXFileReference; lastKnownFileType = wrapper.framework; name = XCTest.framework; path = Library/Frameworks/XCTest.framework; sourceTree = DEVELOPER_DIR; };
		EB65FFE2185C111700FDDFFA /* MatchingGameTests-Info.plist */ = {isa = PBXFileReference; lastKnownFileType = text.plist.xml; path = "MatchingGameTests-Info.plist"; sourceTree = "<group>"; };
		EB65FFE4185C111700FDDFFA /* en */ = {isa = PBXFileReference; lastKnownFileType = text.plist.strings; name = en; path = en.lproj/InfoPlist.strings; sourceTree = "<group>"; };
		EB65FFE6185C111700FDDFFA /* MatchingGameTests.m */ = {isa = PBXFileReference; lastKnownFileType = sourcecode.c.objc; path = MatchingGameTests.m; sourceTree = "<group>"; };
		EB65FFF0185C262B00FDDFFA /* Card.h */ = {isa = PBXFileReference; fileEncoding = 4; lastKnownFileType = sourcecode.c.h; path = Card.h; sourceTree = "<group>"; };
		EB65FFF1185C262B00FDDFFA /* Card.m */ = {isa = PBXFileReference; fileEncoding = 4; lastKnownFileType = sourcecode.c.objc; path = Card.m; sourceTree = "<group>"; };
		EB65FFF6185C274100FDDFFA /* Deck.h */ = {isa = PBXFileReference; fileEncoding = 4; lastKnownFileType = sourcecode.c.h; path = Deck.h; sourceTree = "<group>"; };
		EB65FFF7185C274100FDDFFA /* Deck.m */ = {isa = PBXFileReference; fileEncoding = 4; lastKnownFileType = sourcecode.c.objc; path = Deck.m; sourceTree = "<group>"; };
		EB65FFF9185C275500FDDFFA /* PlayingCard.h */ = {isa = PBXFileReference; fileEncoding = 4; lastKnownFileType = sourcecode.c.h; path = PlayingCard.h; sourceTree = "<group>"; };
		EB65FFFA185C275500FDDFFA /* PlayingCard.m */ = {isa = PBXFileReference; fileEncoding = 4; lastKnownFileType = sourcecode.c.objc; path = PlayingCard.m; sourceTree = "<group>"; };
		EB65FFFF185C27FE00FDDFFA /* PlayingCardDeck.h */ = {isa = PBXFileReference; fileEncoding = 4; lastKnownFileType = sourcecode.c.h; path = PlayingCardDeck.h; sourceTree = "<group>"; };
/* End PBXFileReference section */

/* Begin PBXFrameworksBuildPhase section */
		EB65FFB5185C111600FDDFFA /* Frameworks */ = {
			isa = PBXFrameworksBuildPhase;
			buildActionMask = 2147483647;
			files = (
				EB65FFBE185C111600FDDFFA /* CoreGraphics.framework in Frameworks */,
				EB65FFC0185C111700FDDFFA /* UIKit.framework in Frameworks */,
				EB65FFBC185C111600FDDFFA /* Foundation.framework in Frameworks */,
			);
			runOnlyForDeploymentPostprocessing = 0;
		};
		EB65FFD6185C111700FDDFFA /* Frameworks */ = {
			isa = PBXFrameworksBuildPhase;
			buildActionMask = 2147483647;
			files = (
				EB65FFDB185C111700FDDFFA /* XCTest.framework in Frameworks */,
				EB65FFDD185C111700FDDFFA /* UIKit.framework in Frameworks */,
				EB65FFDC185C111700FDDFFA /* Foundation.framework in Frameworks */,
			);
			runOnlyForDeploymentPostprocessing = 0;
		};
/* End PBXFrameworksBuildPhase section */

/* Begin PBXGroup section */
		EB65FFAF185C111600FDDFFA = {
			isa = PBXGroup;
			children = (
				EB65FFC1185C111700FDDFFA /* MatchingGame */,
				EB65FFE0185C111700FDDFFA /* MatchingGameTests */,
				EB65FFBA185C111600FDDFFA /* Frameworks */,
				EB65FFB9185C111600FDDFFA /* Products */,
			);
			sourceTree = "<group>";
		};
		EB65FFB9185C111600FDDFFA /* Products */ = {
			isa = PBXGroup;
			children = (
				EB65FFB8185C111600FDDFFA /* MatchingGame.app */,
				EB65FFD9185C111700FDDFFA /* MatchingGameTests.xctest */,
			);
			name = Products;
			sourceTree = "<group>";
		};
		EB65FFBA185C111600FDDFFA /* Frameworks */ = {
			isa = PBXGroup;
			children = (
				EB65FFBB185C111600FDDFFA /* Foundation.framework */,
				EB65FFBD185C111600FDDFFA /* CoreGraphics.framework */,
				EB65FFBF185C111600FDDFFA /* UIKit.framework */,
				EB65FFDA185C111700FDDFFA /* XCTest.framework */,
			);
			name = Frameworks;
			sourceTree = "<group>";
		};
		EB65FFC1185C111700FDDFFA /* MatchingGame */ = {
			isa = PBXGroup;
			children = (
				EB65FFCD185C111700FDDFFA /* Main.storyboard */,
				EB65FFD0185C111700FDDFFA /* CardGameViewController.h */,
				EB65FFD1185C111700FDDFFA /* CardGameViewController.m */,
				EB65FFD3185C111700FDDFFA /* Images.xcassets */,
				EB65FFC2185C111700FDDFFA /* Supporting Files */,
				EB65FFF5185C272100FDDFFA /* Model */,
			);
			path = MatchingGame;
			sourceTree = "<group>";
		};
		EB65FFC2185C111700FDDFFA /* Supporting Files */ = {
			isa = PBXGroup;
			children = (
				EB65FFCA185C111700FDDFFA /* CardGameAppDelegate.h */,
				EB65FFCB185C111700FDDFFA /* CardGameAppDelegate.m */,
				EB65FFC3185C111700FDDFFA /* MatchingGame-Info.plist */,
				EB65FFC4185C111700FDDFFA /* InfoPlist.strings */,
				EB65FFC7185C111700FDDFFA /* main.m */,
				EB65FFC9185C111700FDDFFA /* MatchingGame-Prefix.pch */,
			);
			name = "Supporting Files";
			sourceTree = "<group>";
		};
		EB65FFE0185C111700FDDFFA /* MatchingGameTests */ = {
			isa = PBXGroup;
			children = (
				EB65FFE6185C111700FDDFFA /* MatchingGameTests.m */,
				EB65FFE1185C111700FDDFFA /* Supporting Files */,
			);
			path = MatchingGameTests;
			sourceTree = "<group>";
		};
		EB65FFE1185C111700FDDFFA /* Supporting Files */ = {
			isa = PBXGroup;
			children = (
				EB65FFE2185C111700FDDFFA /* MatchingGameTests-Info.plist */,
				EB65FFE3185C111700FDDFFA /* InfoPlist.strings */,
			);
			name = "Supporting Files";
			sourceTree = "<group>";
		};
		EB65FFF5185C272100FDDFFA /* Model */ = {
			isa = PBXGroup;
			children = (
				EB65FFF0185C262B00FDDFFA /* Card.h */,
				EB65FFF1185C262B00FDDFFA /* Card.m */,
				EB65FFF6185C274100FDDFFA /* Deck.h */,
				EB65FFF7185C274100FDDFFA /* Deck.m */,
				EB65FFF9185C275500FDDFFA /* PlayingCard.h */,
				EB65FFFA185C275500FDDFFA /* PlayingCard.m */,
				EB65FFFF185C27FE00FDDFFA /* PlayingCardDeck.h */,
				EB650000185C27FE00FDDFFA /* PlayingCardDeck.m */,
			);
			name = Model;
			sourceTree = "<group>";
		};
/* End PBXGroup section */

/* Begin PBXNativeTarget section */
		EB65FFB7185C111600FDDFFA /* MatchingGame */ = {
			isa = PBXNativeTarget;
			buildConfigurationList = EB65FFEA185C111700FDDFFA /* Build configuration list for PBXNativeTarget "MatchingGame" */;
			buildPhases = (
				EB65FFB4185C111600FDDFFA /* Sources */,
				EB65FFB5185C111600FDDFFA /* Frameworks */,
				EB65FFB6185C111600FDDFFA /* Resources */,
			);
			buildRules = (
			);
			dependencies = (
			);
			name = MatchingGame;
			productName = MatchingGame;
			productReference = EB65FFB8185C111600FDDFFA /* MatchingGame.app */;
			productType = "com.apple.product-type.application";
		};
		EB65FFD8185C111700FDDFFA /* MatchingGameTests */ = {
			isa = PBXNativeTarget;
			buildConfigurationList = EB65FFED185C111700FDDFFA /* Build configuration list for PBXNativeTarget "MatchingGameTests" */;
			buildPhases = (
				EB65FFD5185C111700FDDFFA /* Sources */,
				EB65FFD6185C111700FDDFFA /* Frameworks */,
				EB65FFD7185C111700FDDFFA /* Resources */,
			);
			buildRules = (
			);
			dependencies = (
				EB65FFDF185C111700FDDFFA /* PBXTargetDependency */,
			);
			name = MatchingGameTests;
			productName = MatchingGameTests;
			productReference = EB65FFD9185C111700FDDFFA /* MatchingGameTests.xctest */;
			productType = "com.apple.product-type.bundle.unit-test";
		};
/* End PBXNativeTarget section */

/* Begin PBXProject section */
		EB65FFB0185C111600FDDFFA /* Project object */ = {
			isa = PBXProject;
			attributes = {
				CLASSPREFIX = CardGame;
				LastUpgradeCheck = 0500;
				ORGANIZATIONNAME = "Dhruval Darji";
				TargetAttributes = {
					EB65FFD8185C111700FDDFFA = {
						TestTargetID = EB65FFB7185C111600FDDFFA;
					};
				};
			};
			buildConfigurationList = EB65FFB3185C111600FDDFFA /* Build configuration list for PBXProject "MatchingGame" */;
			compatibilityVersion = "Xcode 3.2";
			developmentRegion = English;
			hasScannedForEncodings = 0;
			knownRegions = (
				en,
				Base,
			);
			mainGroup = EB65FFAF185C111600FDDFFA;
			productRefGroup = EB65FFB9185C111600FDDFFA /* Products */;
			projectDirPath = "";
			projectRoot = "";
			targets = (
				EB65FFB7185C111600FDDFFA /* MatchingGame */,
				EB65FFD8185C111700FDDFFA /* MatchingGameTests */,
			);
		};
/* End PBXProject section */

/* Begin PBXResourcesBuildPhase section */
		EB65FFB6185C111600FDDFFA /* Resources */ = {
			isa = PBXResourcesBuildPhase;
			buildActionMask = 2147483647;
			files = (
				EB65FFD4185C111700FDDFFA /* Images.xcassets in Resources */,
				EB65FFC6185C111700FDDFFA /* InfoPlist.strings in Resources */,
				EB65FFCF185C111700FDDFFA /* Main.storyboard in Resources */,
			);
			runOnlyForDeploymentPostprocessing = 0;
		};
		EB65FFD7185C111700FDDFFA /* Resources */ = {
			isa = PBXResourcesBuildPhase;
			buildActionMask = 2147483647;
			files = (
				EB65FFE5185C111700FDDFFA /* InfoPlist.strings in Resources */,
			);
			runOnlyForDeploymentPostprocessing = 0;
		};
/* End PBXResourcesBuildPhase section */

/* Begin PBXSourcesBuildPhase section */
		EB65FFB4185C111600FDDFFA /* Sources */ = {
			isa = PBXSourcesBuildPhase;
			buildActionMask = 2147483647;
			files = (
				EB65FFFB185C275500FDDFFA /* PlayingCard.m in Sources */,
				EB65FFF8185C274100FDDFFA /* Deck.m in Sources */,
				EB65FFCC185C111700FDDFFA /* CardGameAppDelegate.m in Sources */,
				EB65FFD2185C111700FDDFFA /* CardGameViewController.m in Sources */,
				EB650001185C27FE00FDDFFA /* PlayingCardDeck.m in Sources */,
				EB65FFC8185C111700FDDFFA /* main.m in Sources */,
				EB65FFF2185C262B00FDDFFA /* Card.m in Sources */,
			);
			runOnlyForDeploymentPostprocessing = 0;
		};
		EB65FFD5185C111700FDDFFA /* Sources */ = {
			isa = PBXSourcesBuildPhase;
			buildActionMask = 2147483647;
			files = (
				EB65FFE7185C111700FDDFFA /* MatchingGameTests.m in Sources */,
			);
			runOnlyForDeploymentPostprocessing = 0;
		};
/* End PBXSourcesBuildPhase section */

/* Begin PBXTargetDependency section */
		EB65FFDF185C111700FDDFFA /* PBXTargetDependency */ = {
			isa = PBXTargetDependency;
			target = EB65FFB7185C111600FDDFFA /* MatchingGame */;
			targetProxy = EB65FFDE185C111700FDDFFA /* PBXContainerItemProxy */;
		};
/* End PBXTargetDependency section */

/* Begin PBXVariantGroup section */
		EB65FFC4185C111700FDDFFA /* InfoPlist.strings */ = {
			isa = PBXVariantGroup;
			children = (
				EB65FFC5185C111700FDDFFA /* en */,
			);
			name = InfoPlist.strings;
			sourceTree = "<group>";
		};
		EB65FFCD185C111700FDDFFA /* Main.storyboard */ = {
			isa = PBXVariantGroup;
			children = (
				EB65FFCE185C111700FDDFFA /* Base */,
			);
			name = Main.storyboard;
			sourceTree = "<group>";
		};
		EB65FFE3185C111700FDDFFA /* InfoPlist.strings */ = {
			isa = PBXVariantGroup;
			children = (
				EB65FFE4185C111700FDDFFA /* en */,
			);
			name = InfoPlist.strings;
			sourceTree = "<group>";
		};
/* End PBXVariantGroup section */

/* Begin XCBuildConfiguration section */
		EB65FFE8185C111700FDDFFA /* Debug */ = {
			isa = XCBuildConfiguration;
			buildSettings = {
				ALWAYS_SEARCH_USER_PATHS = NO;
				ARCHS = "$(ARCHS_STANDARD_INCLUDING_64_BIT)";
				CLANG_CXX_LANGUAGE_STANDARD = "gnu++0x";
				CLANG_CXX_LIBRARY = "libc++";
				CLANG_ENABLE_MODULES = YES;
				CLANG_ENABLE_OBJC_ARC = YES;
				CLANG_WARN_BOOL_CONVERSION = YES;
				CLANG_WARN_CONSTANT_CONVERSION = YES;
				CLANG_WARN_DIRECT_OBJC_ISA_USAGE = YES_ERROR;
				CLANG_WARN_EMPTY_BODY = YES;
				CLANG_WARN_ENUM_CONVERSION = YES;
				CLANG_WARN_INT_CONVERSION = YES;
				CLANG_WARN_OBJC_ROOT_CLASS = YES_ERROR;
				CLANG_WARN__DUPLICATE_METHOD_MATCH = YES;
				"CODE_SIGN_IDENTITY[sdk=iphoneos*]" = "iPhone Developer";
				COPY_PHASE_STRIP = NO;
				GCC_C_LANGUAGE_STANDARD = gnu99;
				GCC_DYNAMIC_NO_PIC = NO;
				GCC_OPTIMIZATION_LEVEL = 0;
				GCC_PREPROCESSOR_DEFINITIONS = (
					"DEBUG=1",
					"$(inherited)",
				);
				GCC_SYMBOLS_PRIVATE_EXTERN = NO;
				GCC_WARN_64_TO_32_BIT_CONVERSION = YES;
				GCC_WARN_ABOUT_RETURN_TYPE = YES_ERROR;
				GCC_WARN_UNDECLARED_SELECTOR = YES;
				GCC_WARN_UNINITIALIZED_AUTOS = YES;
				GCC_WARN_UNUSED_FUNCTION = YES;
				GCC_WARN_UNUSED_VARIABLE = YES;
				IPHONEOS_DEPLOYMENT_TARGET = 7.0;
				ONLY_ACTIVE_ARCH = YES;
				SDKROOT = iphoneos;
			};
			name = Debug;
		};
		EB65FFE9185C111700FDDFFA /* Release */ = {
			isa = XCBuildConfiguration;
			buildSettings = {
				ALWAYS_SEARCH_USER_PATHS = NO;
				ARCHS = "$(ARCHS_STANDARD_INCLUDING_64_BIT)";
				CLANG_CXX_LANGUAGE_STANDARD = "gnu++0x";
				CLANG_CXX_LIBRARY = "libc++";
				CLANG_ENABLE_MODULES = YES;
				CLANG_ENABLE_OBJC_ARC = YES;
				CLANG_WARN_BOOL_CONVERSION = YES;
				CLANG_WARN_CONSTANT_CONVERSION = YES;
				CLANG_WARN_DIRECT_OBJC_ISA_USAGE = YES_ERROR;
				CLANG_WARN_EMPTY_BODY = YES;
				CLANG_WARN_ENUM_CONVERSION = YES;
				CLANG_WARN_INT_CONVERSION = YES;
				CLANG_WARN_OBJC_ROOT_CLASS = YES_ERROR;
				CLANG_WARN__DUPLICATE_METHOD_MATCH = YES;
				"CODE_SIGN_IDENTITY[sdk=iphoneos*]" = "iPhone Developer";
				COPY_PHASE_STRIP = YES;
				ENABLE_NS_ASSERTIONS = NO;
				GCC_C_LANGUAGE_STANDARD = gnu99;
				GCC_WARN_64_TO_32_BIT_CONVERSION = YES;
				GCC_WARN_ABOUT_RETURN_TYPE = YES_ERROR;
				GCC_WARN_UNDECLARED_SELECTOR = YES;
				GCC_WARN_UNINITIALIZED_AUTOS = YES;
				GCC_WARN_UNUSED_FUNCTION = YES;
				GCC_WARN_UNUSED_VARIABLE = YES;
				IPHONEOS_DEPLOYMENT_TARGET = 7.0;
				SDKROOT = iphoneos;
				VALIDATE_PRODUCT = YES;
			};
			name = Release;
		};
		EB65FFEB185C111700FDDFFA /* Debug */ = {
			isa = XCBuildConfiguration;
			buildSettings = {
				ASSETCATALOG_COMPILER_APPICON_NAME = AppIcon;
				ASSETCATALOG_COMPILER_LAUNCHIMAGE_NAME = LaunchImage;
				GCC_PRECOMPILE_PREFIX_HEADER = YES;
				GCC_PREFIX_HEADER = "MatchingGame/MatchingGame-Prefix.pch";
				INFOPLIST_FILE = "MatchingGame/MatchingGame-Info.plist";
				PRODUCT_NAME = "$(TARGET_NAME)";
				WRAPPER_EXTENSION = app;
			};
			name = Debug;
		};
		EB65FFEC185C111700FDDFFA /* Release */ = {
			isa = XCBuildConfiguration;
			buildSettings = {
				ASSETCATALOG_COMPILER_APPICON_NAME = AppIcon;
				ASSETCATALOG_COMPILER_LAUNCHIMAGE_NAME = LaunchImage;
				GCC_PRECOMPILE_PREFIX_HEADER = YES;
				GCC_PREFIX_HEADER = "MatchingGame/MatchingGame-Prefix.pch";
				INFOPLIST_FILE = "MatchingGame/MatchingGame-Info.plist";
				PRODUCT_NAME = "$(TARGET_NAME)";
				WRAPPER_EXTENSION = app;
			};
			name = Release;
		};
		EB65FFEE185C111700FDDFFA /* Debug */ = {
			isa = XCBuildConfiguration;
			buildSettings = {
				ARCHS = "$(ARCHS_STANDARD_INCLUDING_64_BIT)";
				BUNDLE_LOADER = "$(BUILT_PRODUCTS_DIR)/MatchingGame.app/MatchingGame";
				FRAMEWORK_SEARCH_PATHS = (
					"$(SDKROOT)/Developer/Library/Frameworks",
					"$(inherited)",
					"$(DEVELOPER_FRAMEWORKS_DIR)",
				);
				GCC_PRECOMPILE_PREFIX_HEADER = YES;
				GCC_PREFIX_HEADER = "MatchingGame/MatchingGame-Prefix.pch";
				GCC_PREPROCESSOR_DEFINITIONS = (
					"DEBUG=1",
					"$(inherited)",
				);
				INFOPLIST_FILE = "MatchingGameTests/MatchingGameTests-Info.plist";
				PRODUCT_NAME = "$(TARGET_NAME)";
				TEST_HOST = "$(BUNDLE_LOADER)";
				WRAPPER_EXTENSION = xctest;
			};
			name = Debug;
		};
		EB65FFEF185C111700FDDFFA /* Release */ = {
			isa = XCBuildConfiguration;
			buildSettings = {
				ARCHS = "$(ARCHS_STANDARD_INCLUDING_64_BIT)";
				BUNDLE_LOADER = "$(BUILT_PRODUCTS_DIR)/MatchingGame.app/MatchingGame";
				FRAMEWORK_SEARCH_PATHS = (
					"$(SDKROOT)/Developer/Library/Frameworks",
					"$(inherited)",
					"$(DEVELOPER_FRAMEWORKS_DIR)",
				);
				GCC_PRECOMPILE_PREFIX_HEADER = YES;
				GCC_PREFIX_HEADER = "MatchingGame/MatchingGame-Prefix.pch";
				INFOPLIST_FILE = "MatchingGameTests/MatchingGameTests-Info.plist";
				PRODUCT_NAME = "$(TARGET_NAME)";
				TEST_HOST = "$(BUNDLE_LOADER)";
				WRAPPER_EXTENSION = xctest;
			};
			name = Release;
		};
/* End XCBuildConfiguration section */

/* Begin XCConfigurationList section */
		EB65FFB3185C111600FDDFFA /* Build configuration list for PBXProject "MatchingGame" */ = {
			isa = XCConfigurationList;
			buildConfigurations = (
				EB65FFE8185C111700FDDFFA /* Debug */,
				EB65FFE9185C111700FDDFFA /* Release */,
			);
			defaultConfigurationIsVisible = 0;
			defaultConfigurationName = Release;
		};
		EB65FFEA185C111700FDDFFA /* Build configuration list for PBXNativeTarget "MatchingGame" */ = {
			isa = XCConfigurationList;
			buildConfigurations = (
				EB65FFEB185C111700FDDFFA /* Debug */,
				EB65FFEC185C111700FDDFFA /* Release */,
			);
			defaultConfigurationIsVisible = 0;
		};
		EB65FFED185C111700FDDFFA /* Build configuration list for PBXNativeTarget "MatchingGameTests" */ = {
			isa = XCConfigurationList;
			buildConfigurations = (
				EB65FFEE185C111700FDDFFA /* Debug */,
				EB65FFEF185C111700FDDFFA /* Release */,
			);
			defaultConfigurationIsVisible = 0;
		};
/* End XCConfigurationList section */
	};
	rootObject = EB65FFB0185C111600FDDFFA /* Project object */;
}
